// !$*UTF8*$!
{
	archiveVersion = 1;
	classes = {
	};
	objectVersion = 48;
	objects = {

/* Begin PBXBuildFile section */
		83F7CE161FF816B900661D26 /* AppDelegate.swift in Sources */ = {isa = PBXBuildFile; fileRef = 83F7CE151FF816B900661D26 /* AppDelegate.swift */; };
		83F7CE181FF816B900661D26 /* ViewController.swift in Sources */ = {isa = PBXBuildFile; fileRef = 83F7CE171FF816B900661D26 /* ViewController.swift */; };
		83F7CE1B1FF816B900661D26 /* Main.storyboard in Resources */ = {isa = PBXBuildFile; fileRef = 83F7CE191FF816B900661D26 /* Main.storyboard */; };
		83F7CE1D1FF816B900661D26 /* Assets.xcassets in Resources */ = {isa = PBXBuildFile; fileRef = 83F7CE1C1FF816B900661D26 /* Assets.xcassets */; };
		83F7CE201FF816B900661D26 /* LaunchScreen.storyboard in Resources */ = {isa = PBXBuildFile; fileRef = 83F7CE1E1FF816B900661D26 /* LaunchScreen.storyboard */; };
		83F7CE2B1FF816B900661D26 /* TaglessGraphicsTests.swift in Sources */ = {isa = PBXBuildFile; fileRef = 83F7CE2A1FF816B900661D26 /* TaglessGraphicsTests.swift */; };
/* End PBXBuildFile section */

/* Begin PBXContainerItemProxy section */
		83F7CE271FF816B900661D26 /* PBXContainerItemProxy */ = {
			isa = PBXContainerItemProxy;
			containerPortal = 83F7CE0A1FF816B900661D26 /* Project object */;
			proxyType = 1;
			remoteGlobalIDString = 83F7CE111FF816B900661D26;
			remoteInfo = TaglessGraphics;
		};
/* End PBXContainerItemProxy section */

/* Begin PBXFileReference section */
		83F7CE121FF816B900661D26 /* TaglessGraphics.app */ = {isa = PBXFileReference; explicitFileType = wrapper.application; includeInIndex = 0; path = TaglessGraphics.app; sourceTree = BUILT_PRODUCTS_DIR; };
		83F7CE151FF816B900661D26 /* AppDelegate.swift */ = {isa = PBXFileReference; lastKnownFileType = sourcecode.swift; path = AppDelegate.swift; sourceTree = "<group>"; };
		83F7CE171FF816B900661D26 /* ViewController.swift */ = {isa = PBXFileReference; lastKnownFileType = sourcecode.swift; path = ViewController.swift; sourceTree = "<group>"; };
		83F7CE1A1FF816B900661D26 /* Base */ = {isa = PBXFileReference; lastKnownFileType = file.storyboard; name = Base; path = Base.lproj/Main.storyboard; sourceTree = "<group>"; };
		83F7CE1C1FF816B900661D26 /* Assets.xcassets */ = {isa = PBXFileReference; lastKnownFileType = folder.assetcatalog; path = Assets.xcassets; sourceTree = "<group>"; };
		83F7CE1F1FF816B900661D26 /* Base */ = {isa = PBXFileReference; lastKnownFileType = file.storyboard; name = Base; path = Base.lproj/LaunchScreen.storyboard; sourceTree = "<group>"; };
		83F7CE211FF816B900661D26 /* Info.plist */ = {isa = PBXFileReference; lastKnownFileType = text.plist.xml; path = Info.plist; sourceTree = "<group>"; };
		83F7CE261FF816B900661D26 /* TaglessGraphicsTests.xctest */ = {isa = PBXFileReference; explicitFileType = wrapper.cfbundle; includeInIndex = 0; path = TaglessGraphicsTests.xctest; sourceTree = BUILT_PRODUCTS_DIR; };
		83F7CE2A1FF816B900661D26 /* TaglessGraphicsTests.swift */ = {isa = PBXFileReference; lastKnownFileType = sourcecode.swift; path = TaglessGraphicsTests.swift; sourceTree = "<group>"; };
		83F7CE2C1FF816B900661D26 /* Info.plist */ = {isa = PBXFileReference; lastKnownFileType = text.plist.xml; path = Info.plist; sourceTree = "<group>"; };
/* End PBXFileReference section */

/* Begin PBXFrameworksBuildPhase section */
		83F7CE0F1FF816B900661D26 /* Frameworks */ = {
			isa = PBXFrameworksBuildPhase;
			buildActionMask = 2147483647;
			files = (
			);
			runOnlyForDeploymentPostprocessing = 0;
		};
		83F7CE231FF816B900661D26 /* Frameworks */ = {
			isa = PBXFrameworksBuildPhase;
			buildActionMask = 2147483647;
			files = (
			);
			runOnlyForDeploymentPostprocessing = 0;
		};
/* End PBXFrameworksBuildPhase section */

/* Begin PBXGroup section */
		83F7CE091FF816B900661D26 = {
			isa = PBXGroup;
			children = (
				83F7CE141FF816B900661D26 /* TaglessGraphics */,
				83F7CE291FF816B900661D26 /* TaglessGraphicsTests */,
				83F7CE131FF816B900661D26 /* Products */,
			);
			sourceTree = "<group>";
		};
		83F7CE131FF816B900661D26 /* Products */ = {
			isa = PBXGroup;
			children = (
				83F7CE121FF816B900661D26 /* TaglessGraphics.app */,
				83F7CE261FF816B900661D26 /* TaglessGraphicsTests.xctest */,
			);
			name = Products;
			sourceTree = "<group>";
		};
		83F7CE141FF816B900661D26 /* TaglessGraphics */ = {
			isa = PBXGroup;
			children = (
				83F7CE151FF816B900661D26 /* AppDelegate.swift */,
				83F7CE171FF816B900661D26 /* ViewController.swift */,
				83F7CE191FF816B900661D26 /* Main.storyboard */,
				83F7CE1C1FF816B900661D26 /* Assets.xcassets */,
				83F7CE1E1FF816B900661D26 /* LaunchScreen.storyboard */,
				83F7CE211FF816B900661D26 /* Info.plist */,
			);
			path = TaglessGraphics;
			sourceTree = "<group>";
		};
		83F7CE291FF816B900661D26 /* TaglessGraphicsTests */ = {
			isa = PBXGroup;
			children = (
				83F7CE2A1FF816B900661D26 /* TaglessGraphicsTests.swift */,
				83F7CE2C1FF816B900661D26 /* Info.plist */,
			);
			path = TaglessGraphicsTests;
			sourceTree = "<group>";
		};
/* End PBXGroup section */

/* Begin PBXNativeTarget section */
		83F7CE111FF816B900661D26 /* TaglessGraphics */ = {
			isa = PBXNativeTarget;
			buildConfigurationList = 83F7CE2F1FF816B900661D26 /* Build configuration list for PBXNativeTarget "TaglessGraphics" */;
			buildPhases = (
				83F7CE0E1FF816B900661D26 /* Sources */,
				83F7CE0F1FF816B900661D26 /* Frameworks */,
				83F7CE101FF816B900661D26 /* Resources */,
			);
			buildRules = (
			);
			dependencies = (
			);
			name = TaglessGraphics;
			productName = TaglessGraphics;
			productReference = 83F7CE121FF816B900661D26 /* TaglessGraphics.app */;
			productType = "com.apple.product-type.application";
		};
		83F7CE251FF816B900661D26 /* TaglessGraphicsTests */ = {
			isa = PBXNativeTarget;
			buildConfigurationList = 83F7CE321FF816B900661D26 /* Build configuration list for PBXNativeTarget "TaglessGraphicsTests" */;
			buildPhases = (
				83F7CE221FF816B900661D26 /* Sources */,
				83F7CE231FF816B900661D26 /* Frameworks */,
				83F7CE241FF816B900661D26 /* Resources */,
			);
			buildRules = (
			);
			dependencies = (
				83F7CE281FF816B900661D26 /* PBXTargetDependency */,
			);
			name = TaglessGraphicsTests;
			productName = TaglessGraphicsTests;
			productReference = 83F7CE261FF816B900661D26 /* TaglessGraphicsTests.xctest */;
			productType = "com.apple.product-type.bundle.unit-test";
		};
/* End PBXNativeTarget section */

/* Begin PBXProject section */
		83F7CE0A1FF816B900661D26 /* Project object */ = {
			isa = PBXProject;
			attributes = {
				LastSwiftUpdateCheck = 0920;
				LastUpgradeCheck = 0920;
				ORGANIZATIONNAME = objc.io;
				TargetAttributes = {
					83F7CE111FF816B900661D26 = {
						CreatedOnToolsVersion = 9.2;
						ProvisioningStyle = Automatic;
					};
					83F7CE251FF816B900661D26 = {
						CreatedOnToolsVersion = 9.2;
						ProvisioningStyle = Automatic;
						TestTargetID = 83F7CE111FF816B900661D26;
					};
				};
			};
			buildConfigurationList = 83F7CE0D1FF816B900661D26 /* Build configuration list for PBXProject "TaglessGraphics" */;
			compatibilityVersion = "Xcode 8.0";
			developmentRegion = en;
			hasScannedForEncodings = 0;
			knownRegions = (
				en,
				Base,
			);
			mainGroup = 83F7CE091FF816B900661D26;
			productRefGroup = 83F7CE131FF816B900661D26 /* Products */;
			projectDirPath = "";
			projectRoot = "";
			targets = (
				83F7CE111FF816B900661D26 /* TaglessGraphics */,
				83F7CE251FF816B900661D26 /* TaglessGraphicsTests */,
			);
		};
/* End PBXProject section */

/* Begin PBXResourcesBuildPhase section */
		83F7CE101FF816B900661D26 /* Resources */ = {
			isa = PBXResourcesBuildPhase;
			buildActionMask = 2147483647;
			files = (
				83F7CE201FF816B900661D26 /* LaunchScreen.storyboard in Resources */,
				83F7CE1D1FF816B900661D26 /* Assets.xcassets in Resources */,
				83F7CE1B1FF816B900661D26 /* Main.storyboard in Resources */,
			);
			runOnlyForDeploymentPostprocessing = 0;
		};
		83F7CE241FF816B900661D26 /* Resources */ = {
			isa = PBXResourcesBuildPhase;
			buildActionMask = 2147483647;
			files = (
			);
			runOnlyForDeploymentPostprocessing = 0;
		};
/* End PBXResourcesBuildPhase section */

/* Begin PBXSourcesBuildPhase section */
		83F7CE0E1FF816B900661D26 /* Sources */ = {
			isa = PBXSourcesBuildPhase;
			buildActionMask = 2147483647;
			files = (
				83F7CE181FF816B900661D26 /* ViewController.swift in Sources */,
				83F7CE161FF816B900661D26 /* AppDelegate.swift in Sources */,
			);
			runOnlyForDeploymentPostprocessing = 0;
		};
		83F7CE221FF816B900661D26 /* Sources */ = {
			isa = PBXSourcesBuildPhase;
			buildActionMask = 2147483647;
			files = (
				83F7CE2B1FF816B900661D26 /* TaglessGraphicsTests.swift in Sources */,
			);
			runOnlyForDeploymentPostprocessing = 0;
		};
/* End PBXSourcesBuildPhase section */

/* Begin PBXTargetDependency section */
		83F7CE281FF816B900661D26 /* PBXTargetDependency */ = {
			isa = PBXTargetDependency;
			target = 83F7CE111FF816B900661D26 /* TaglessGraphics */;
			targetProxy = 83F7CE271FF816B900661D26 /* PBXContainerItemProxy */;
		};
/* End PBXTargetDependency section */

/* Begin PBXVariantGroup section */
		83F7CE191FF816B900661D26 /* Main.storyboard */ = {
			isa = PBXVariantGroup;
			children = (
				83F7CE1A1FF816B900661D26 /* Base */,
			);
			name = Main.storyboard;
			sourceTree = "<group>";
		};
		83F7CE1E1FF816B900661D26 /* LaunchScreen.storyboard */ = {
			isa = PBXVariantGroup;
			children = (
				83F7CE1F1FF816B900661D26 /* Base */,
			);
			name = LaunchScreen.storyboard;
			sourceTree = "<group>";
		};
/* End PBXVariantGroup section */

/* Begin XCBuildConfiguration section */
		83F7CE2D1FF816B900661D26 /* Debug */ = {
			isa = XCBuildConfiguration;
			buildSettings = {
				ALWAYS_SEARCH_USER_PATHS = NO;
				CLANG_ANALYZER_NONNULL = YES;
				CLANG_ANALYZER_NUMBER_OBJECT_CONVERSION = YES_AGGRESSIVE;
				CLANG_CXX_LANGUAGE_STANDARD = "gnu++14";
				CLANG_CXX_LIBRARY = "libc++";
				CLANG_ENABLE_MODULES = YES;
				CLANG_ENABLE_OBJC_ARC = YES;
				CLANG_WARN_BLOCK_CAPTURE_AUTORELEASING = YES;
				CLANG_WARN_BOOL_CONVERSION = YES;
				CLANG_WARN_COMMA = YES;
				CLANG_WARN_CONSTANT_CONVERSION = YES;
				CLANG_WARN_DIRECT_OBJC_ISA_USAGE = YES_ERROR;
				CLANG_WARN_DOCUMENTATION_COMMENTS = YES;
				CLANG_WARN_EMPTY_BODY = YES;
				CLANG_WARN_ENUM_CONVERSION = YES;
				CLANG_WARN_INFINITE_RECURSION = YES;
				CLANG_WARN_INT_CONVERSION = YES;
				CLANG_WARN_NON_LITERAL_NULL_CONVERSION = YES;
				CLANG_WARN_OBJC_LITERAL_CONVERSION = YES;
				CLANG_WARN_OBJC_ROOT_CLASS = YES_ERROR;
				CLANG_WARN_RANGE_LOOP_ANALYSIS = YES;
				CLANG_WARN_STRICT_PROTOTYPES = YES;
				CLANG_WARN_SUSPICIOUS_MOVE = YES;
				CLANG_WARN_UNGUARDED_AVAILABILITY = YES_AGGRESSIVE;
				CLANG_WARN_UNREACHABLE_CODE = YES;
				CLANG_WARN__DUPLICATE_METHOD_MATCH = YES;
				CODE_SIGN_IDENTITY = "iPhone Developer";
				COPY_PHASE_STRIP = NO;
				DEBUG_INFORMATION_FORMAT = dwarf;
				ENABLE_STRICT_OBJC_MSGSEND = YES;
				ENABLE_TESTABILITY = YES;
				GCC_C_LANGUAGE_STANDARD = gnu11;
				GCC_DYNAMIC_NO_PIC = NO;
				GCC_NO_COMMON_BLOCKS = YES;
				GCC_OPTIMIZATION_LEVEL = 0;
				GCC_PREPROCESSOR_DEFINITIONS = (
					"DEBUG=1",
					"$(inherited)",
				);
				GCC_WARN_64_TO_32_BIT_CONVERSION = YES;
				GCC_WARN_ABOUT_RETURN_TYPE = YES_ERROR;
				GCC_WARN_UNDECLARED_SELECTOR = YES;
				GCC_WARN_UNINITIALIZED_AUTOS = YES_AGGRESSIVE;
				GCC_WARN_UNUSED_FUNCTION = YES;
				GCC_WARN_UNUSED_VARIABLE = YES;
				IPHONEOS_DEPLOYMENT_TARGET = 11.2;
				MTL_ENABLE_DEBUG_INFO = YES;
				ONLY_ACTIVE_ARCH = YES;
				SDKROOT = iphoneos;
				SWIFT_ACTIVE_COMPILATION_CONDITIONS = DEBUG;
				SWIFT_OPTIMIZATION_LEVEL = "-Onone";
			};
			name = Debug;
		};
		83F7CE2E1FF816B900661D26 /* Release */ = {
			isa = XCBuildConfiguration;
			buildSettings = {
				ALWAYS_SEARCH_USER_PATHS = NO;
				CLANG_ANALYZER_NONNULL = YES;
				CLANG_ANALYZER_NUMBER_OBJECT_CONVERSION = YES_AGGRESSIVE;
				CLANG_CXX_LANGUAGE_STANDARD = "gnu++14";
				CLANG_CXX_LIBRARY = "libc++";
				CLANG_ENABLE_MODULES = YES;
				CLANG_ENABLE_OBJC_ARC = YES;
				CLANG_WARN_BLOCK_CAPTURE_AUTORELEASING = YES;
				CLANG_WARN_BOOL_CONVERSION = YES;
				CLANG_WARN_COMMA = YES;
				CLANG_WARN_CONSTANT_CONVERSION = YES;
				CLANG_WARN_DIRECT_OBJC_ISA_USAGE = YES_ERROR;
				CLANG_WARN_DOCUMENTATION_COMMENTS = YES;
				CLANG_WARN_EMPTY_BODY = YES;
				CLANG_WARN_ENUM_CONVERSION = YES;
				CLANG_WARN_INFINITE_RECURSION = YES;
				CLANG_WARN_INT_CONVERSION = YES;
				CLANG_WARN_NON_LITERAL_NULL_CONVERSION = YES;
				CLANG_WARN_OBJC_LITERAL_CONVERSION = YES;
				CLANG_WARN_OBJC_ROOT_CLASS = YES_ERROR;
				CLANG_WARN_RANGE_LOOP_ANALYSIS = YES;
				CLANG_WARN_STRICT_PROTOTYPES = YES;
				CLANG_WARN_SUSPICIOUS_MOVE = YES;
				CLANG_WARN_UNGUARDED_AVAILABILITY = YES_AGGRESSIVE;
				CLANG_WARN_UNREACHABLE_CODE = YES;
				CLANG_WARN__DUPLICATE_METHOD_MATCH = YES;
				CODE_SIGN_IDENTITY = "iPhone Developer";
				COPY_PHASE_STRIP = NO;
				DEBUG_INFORMATION_FORMAT = "dwarf-with-dsym";
				ENABLE_NS_ASSERTIONS = NO;
				ENABLE_STRICT_OBJC_MSGSEND = YES;
				GCC_C_LANGUAGE_STANDARD = gnu11;
				GCC_NO_COMMON_BLOCKS = YES;
				GCC_WARN_64_TO_32_BIT_CONVERSION = YES;
				GCC_WARN_ABOUT_RETURN_TYPE = YES_ERROR;
				GCC_WARN_UNDECLARED_SELECTOR = YES;
				GCC_WARN_UNINITIALIZED_AUTOS = YES_AGGRESSIVE;
				GCC_WARN_UNUSED_FUNCTION = YES;
				GCC_WARN_UNUSED_VARIABLE = YES;
				IPHONEOS_DEPLOYMENT_TARGET = 11.2;
				MTL_ENABLE_DEBUG_INFO = NO;
				SDKROOT = iphoneos;
				SWIFT_OPTIMIZATION_LEVEL = "-Owholemodule";
				VALIDATE_PRODUCT = YES;
			};
			name = Release;
		};
		83F7CE301FF816B900661D26 /* Debug */ = {
			isa = XCBuildConfiguration;
			buildSettings = {
				ASSETCATALOG_COMPILER_APPICON_NAME = AppIcon;
				CODE_SIGN_STYLE = Automatic;
				DEVELOPMENT_TEAM = SL7736T2Z4;
				INFOPLIST_FILE = TaglessGraphics/Info.plist;
				IPHONEOS_DEPLOYMENT_TARGET = 11.0;
				LD_RUNPATH_SEARCH_PATHS = "$(inherited) @executable_path/Frameworks";
				PRODUCT_BUNDLE_IDENTIFIER = io.objc.versions.TaglessGraphics;
				PRODUCT_NAME = "$(TARGET_NAME)";
				SWIFT_VERSION = 4.0;
				TARGETED_DEVICE_FAMILY = "1,2";
			};
			name = Debug;
		};
		83F7CE311FF816B900661D26 /* Release */ = {
			isa = XCBuildConfiguration;
			buildSettings = {
				ASSETCATALOG_COMPILER_APPICON_NAME = AppIcon;
				CODE_SIGN_STYLE = Automatic;
				DEVELOPMENT_TEAM = SL7736T2Z4;
				INFOPLIST_FILE = TaglessGraphics/Info.plist;
				IPHONEOS_DEPLOYMENT_TARGET = 11.0;
				LD_RUNPATH_SEARCH_PATHS = "$(inherited) @executable_path/Frameworks";
				PRODUCT_BUNDLE_IDENTIFIER = io.objc.versions.TaglessGraphics;
				PRODUCT_NAME = "$(TARGET_NAME)";
				SWIFT_VERSION = 4.0;
				TARGETED_DEVICE_FAMILY = "1,2";
			};
			name = Release;
		};
		83F7CE331FF816B900661D26 /* Debug */ = {
			isa = XCBuildConfiguration;
			buildSettings = {
				ALWAYS_EMBED_SWIFT_STANDARD_LIBRARIES = YES;
				BUNDLE_LOADER = "$(TEST_HOST)";
				CODE_SIGN_STYLE = Automatic;
				DEVELOPMENT_TEAM = SL7736T2Z4;
				INFOPLIST_FILE = TaglessGraphicsTests/Info.plist;
				LD_RUNPATH_SEARCH_PATHS = "$(inherited) @executable_path/Frameworks @loader_path/Frameworks";
				PRODUCT_BUNDLE_IDENTIFIER = io.objc.versions.TaglessGraphicsTests;
				PRODUCT_NAME = "$(TARGET_NAME)";
				SWIFT_VERSION = 4.0;
				TARGETED_DEVICE_FAMILY = "1,2";
				TEST_HOST = "$(BUILT_PRODUCTS_DIR)/TaglessGraphics.app/TaglessGraphics";
			};
			name = Debug;
		};
		83F7CE341FF816B900661D26 /* Release */ = {
			isa = XCBuildConfiguration;
			buildSettings = {
				ALWAYS_EMBED_SWIFT_STANDARD_LIBRARIES = YES;
				BUNDLE_LOADER = "$(TEST_HOST)";
				CODE_SIGN_STYLE = Automatic;
				DEVELOPMENT_TEAM = SL7736T2Z4;
				INFOPLIST_FILE = TaglessGraphicsTests/Info.plist;
				LD_RUNPATH_SEARCH_PATHS = "$(inherited) @executable_path/Frameworks @loader_path/Frameworks";
				PRODUCT_BUNDLE_IDENTIFIER = io.objc.versions.TaglessGraphicsTests;
				PRODUCT_NAME = "$(TARGET_NAME)";
				SWIFT_VERSION = 4.0;
				TARGETED_DEVICE_FAMILY = "1,2";
				TEST_HOST = "$(BUILT_PRODUCTS_DIR)/TaglessGraphics.app/TaglessGraphics";
			};
			name = Release;
		};
/* End XCBuildConfiguration section */

/* Begin XCConfigurationList section */
		83F7CE0D1FF816B900661D26 /* Build configuration list for PBXProject "TaglessGraphics" */ = {
			isa = XCConfigurationList;
			buildConfigurations = (
				83F7CE2D1FF816B900661D26 /* Debug */,
				83F7CE2E1FF816B900661D26 /* Release */,
			);
			defaultConfigurationIsVisible = 0;
			defaultConfigurationName = Release;
		};
		83F7CE2F1FF816B900661D26 /* Build configuration list for PBXNativeTarget "TaglessGraphics" */ = {
			isa = XCConfigurationList;
			buildConfigurations = (
				83F7CE301FF816B900661D26 /* Debug */,
				83F7CE311FF816B900661D26 /* Release */,
			);
			defaultConfigurationIsVisible = 0;
			defaultConfigurationName = Release;
		};
		83F7CE321FF816B900661D26 /* Build configuration list for PBXNativeTarget "TaglessGraphicsTests" */ = {
			isa = XCConfigurationList;
			buildConfigurations = (
				83F7CE331FF816B900661D26 /* Debug */,
				83F7CE341FF816B900661D26 /* Release */,
			);
			defaultConfigurationIsVisible = 0;
			defaultConfigurationName = Release;
		};
/* End XCConfigurationList section */
	};
	rootObject = 83F7CE0A1FF816B900661D26 /* Project object */;
}
